
Microsoft Visual Studio Solution File, Format Version 12.00
# Visual Studio Version 16
VisualStudioVersion = 16.0.30204.135
MinimumVisualStudioVersion = 10.0.40219.1
Project("{9A19103F-16F7-4668-BE54-9A1E7A4F7556}") = "SharpBot", "SharpBot\SharpBot.csproj", "{4CD930E2-3E1D-4879-B059-F0325B4CC0C6}"
	ProjectSection(ProjectDependencies) = postProject
		{1C5F88EA-9C7B-4695-B6A9-654DD9B50432} = {1C5F88EA-9C7B-4695-B6A9-654DD9B50432}
	EndProjectSection
EndProject
Project("{9A19103F-16F7-4668-BE54-9A1E7A4F7556}") = "SharpBot.Data", "SharpBot.Data\SharpBot.Data.csproj", "{0B2997EE-7701-4F79-B2CF-4011DCE73E6E}"
EndProject
Project("{9A19103F-16F7-4668-BE54-9A1E7A4F7556}") = "SharpBot.Service", "SharpBot.Service\SharpBot.Service.csproj", "{1C5F88EA-9C7B-4695-B6A9-654DD9B50432}"
	ProjectSection(ProjectDependencies) = postProject
		{0B2997EE-7701-4F79-B2CF-4011DCE73E6E} = {0B2997EE-7701-4F79-B2CF-4011DCE73E6E}
	EndProjectSection
EndProject
Global
	GlobalSection(SolutionConfigurationPlatforms) = preSolution
		Debug|Any CPU = Debug|Any CPU
		Release|Any CPU = Release|Any CPU
	EndGlobalSection
	GlobalSection(ProjectConfigurationPlatforms) = postSolution
		{4CD930E2-3E1D-4879-B059-F0325B4CC0C6}.Debug|Any CPU.ActiveCfg = Debug|Any CPU
		{4CD930E2-3E1D-4879-B059-F0325B4CC0C6}.Debug|Any CPU.Build.0 = Debug|Any CPU
		{4CD930E2-3E1D-4879-B059-F0325B4CC0C6}.Release|Any CPU.ActiveCfg = Release|Any CPU
		{4CD930E2-3E1D-4879-B059-F0325B4CC0C6}.Release|Any CPU.Build.0 = Release|Any CPU
		{0B2997EE-7701-4F79-B2CF-4011DCE73E6E}.Debug|Any CPU.ActiveCfg = Debug|Any CPU
		{0B2997EE-7701-4F79-B2CF-4011DCE73E6E}.Debug|Any CPU.Build.0 = Debug|Any CPU
		{0B2997EE-7701-4F79-B2CF-4011DCE73E6E}.Release|Any CPU.ActiveCfg = Release|Any CPU
		{0B2997EE-7701-4F79-B2CF-4011DCE73E6E}.Release|Any CPU.Build.0 = Release|Any CPU
		{1C5F88EA-9C7B-4695-B6A9-654DD9B50432}.Debug|Any CPU.ActiveCfg = Debug|Any CPU
		{1C5F88EA-9C7B-4695-B6A9-654DD9B50432}.Debug|Any CPU.Build.0 = Debug|Any CPU
		{1C5F88EA-9C7B-4695-B6A9-654DD9B50432}.Release|Any CPU.ActiveCfg = Release|Any CPU
		{1C5F88EA-9C7B-4695-B6A9-654DD9B50432}.Release|Any CPU.Build.0 = Release|Any CPU
	EndGlobalSection
	GlobalSection(SolutionProperties) = preSolution
		HideSolutionNode = FALSE
	EndGlobalSection
	GlobalSection(ExtensibilityGlobals) = postSolution
		SolutionGuid = {6A727D9A-A8F9-4CB2-9A8F-D3550A0DC082}
	EndGlobalSection
EndGlobal
